
Microsoft Visual Studio Solution File, Format Version 12.00
# Visual Studio 2012
Project("{FAE04EC0-301F-11D3-BF4B-00C04F79EFBC}") = "Zevs3", "Zevs3\Zevs3.csproj", "{8BE9A6B6-2712-40CC-9E45-8ADD7C93A590}"
EndProject
Global
	GlobalSection(SolutionConfigurationPlatforms) = preSolution
		Debug|Any CPU = Debug|Any CPU
		Release|Any CPU = Release|Any CPU
	EndGlobalSection
	GlobalSection(ProjectConfigurationPlatforms) = postSolution
		{8BE9A6B6-2712-40CC-9E45-8ADD7C93A590}.Debug|Any CPU.ActiveCfg = Debug|Any CPU
		{8BE9A6B6-2712-40CC-9E45-8ADD7C93A590}.Debug|Any CPU.Build.0 = Debug|Any CPU
		{8BE9A6B6-2712-40CC-9E45-8ADD7C93A590}.Release|Any CPU.ActiveCfg = Release|Any CPU
		{8BE9A6B6-2712-40CC-9E45-8ADD7C93A590}.Release|Any CPU.Build.0 = Release|Any CPU
	EndGlobalSection
	GlobalSection(SolutionProperties) = preSolution
		HideSolutionNode = FALSE
	EndGlobalSection
EndGlobal
